
Microsoft Visual Studio Solution File, Format Version 12.00
# Visual Studio 2013
VisualStudioVersion = 12.0.31101.0
MinimumVisualStudioVersion = 10.0.40219.1
Project("{FAE04EC0-301F-11D3-BF4B-00C04F79EFBC}") = "ExecutionSolution", "ExecutionSolution\ExecutionSolution.csproj", "{65D727B3-59BE-4000-A1E7-23C72A394CC0}"
EndProject
Project("{FAE04EC0-301F-11D3-BF4B-00C04F79EFBC}") = "ExecutionSolution.Test", "ExecutionSolution.Test\ExecutionSolution.Test.csproj", "{BFD7D3F1-99E8-4A2C-89B3-8F6789F72349}"
EndProject
Global
	GlobalSection(SolutionConfigurationPlatforms) = preSolution
		Debug|Any CPU = Debug|Any CPU
		Release|Any CPU = Release|Any CPU
	EndGlobalSection
	GlobalSection(ProjectConfigurationPlatforms) = postSolution
		{65D727B3-59BE-4000-A1E7-23C72A394CC0}.Debug|Any CPU.ActiveCfg = Debug|Any CPU
		{65D727B3-59BE-4000-A1E7-23C72A394CC0}.Debug|Any CPU.Build.0 = Debug|Any CPU
		{65D727B3-59BE-4000-A1E7-23C72A394CC0}.Release|Any CPU.ActiveCfg = Release|Any CPU
		{65D727B3-59BE-4000-A1E7-23C72A394CC0}.Release|Any CPU.Build.0 = Release|Any CPU
		{BFD7D3F1-99E8-4A2C-89B3-8F6789F72349}.Debug|Any CPU.ActiveCfg = Debug|Any CPU
		{BFD7D3F1-99E8-4A2C-89B3-8F6789F72349}.Debug|Any CPU.Build.0 = Debug|Any CPU
		{BFD7D3F1-99E8-4A2C-89B3-8F6789F72349}.Release|Any CPU.ActiveCfg = Release|Any CPU
		{BFD7D3F1-99E8-4A2C-89B3-8F6789F72349}.Release|Any CPU.Build.0 = Release|Any CPU
	EndGlobalSection
	GlobalSection(SolutionProperties) = preSolution
		HideSolutionNode = FALSE
	EndGlobalSection
EndGlobal
